{
    "name": "deployables",
    "version": "0.0.1",
    "lockfileVersion": 2,
    "requires": true,
    "packages": {
        "": {
            "version": "0.0.1",
            "hasInstallScript": true,
            "license": "SEE LICENSE IN LICENSE",
            "os": [
                "darwin",
                "linux"
            ],
            "bin": {
                "deployables": "bin/deployables"
            }
        }
    }
}
